
Microsoft Visual Studio Solution File, Format Version 12.00
# Visual Studio Version 17
VisualStudioVersion = 17.5.002.0
MinimumVisualStudioVersion = 10.0.40219.1
Project("{9A19103F-16F7-4668-BE54-9A1E7A4F7556}") = "0_DRAFT", "0_DRAFT.csproj", "{A5A59B99-71DF-4FA3-9AB9-8805547680E1}"
EndProject
Global
	GlobalSection(SolutionConfigurationPlatforms) = preSolution
		Debug|Any CPU = Debug|Any CPU
		Release|Any CPU = Release|Any CPU
	EndGlobalSection
	GlobalSection(ProjectConfigurationPlatforms) = postSolution
		{A5A59B99-71DF-4FA3-9AB9-8805547680E1}.Debug|Any CPU.ActiveCfg = Debug|Any CPU
		{A5A59B99-71DF-4FA3-9AB9-8805547680E1}.Debug|Any CPU.Build.0 = Debug|Any CPU
		{A5A59B99-71DF-4FA3-9AB9-8805547680E1}.Release|Any CPU.ActiveCfg = Release|Any CPU
		{A5A59B99-71DF-4FA3-9AB9-8805547680E1}.Release|Any CPU.Build.0 = Release|Any CPU
	EndGlobalSection
	GlobalSection(SolutionProperties) = preSolution
		HideSolutionNode = FALSE
	EndGlobalSection
	GlobalSection(ExtensibilityGlobals) = postSolution
		SolutionGuid = {B12A1EB9-F46D-437D-8B7E-4CFE69ACD7E5}
	EndGlobalSection
EndGlobal
