
Microsoft Visual Studio Solution File, Format Version 12.00
# Visual Studio Version 17
VisualStudioVersion = 17.5.002.0
MinimumVisualStudioVersion = 10.0.40219.1
Project("{2150E333-8FDC-42A3-9474-1A3956D46DE8}") = "DAY_1", "DAY_1", "{0CC605EA-91A6-478B-8E79-B3C6324FC92C}"
EndProject
Project("{9A19103F-16F7-4668-BE54-9A1E7A4F7556}") = "Calculator", "DAY_1\Calculator\Calculator.csproj", "{00AA2D78-FEAA-4579-A184-DE0849A51584}"
EndProject
Project("{9A19103F-16F7-4668-BE54-9A1E7A4F7556}") = "LargestNum", "DAY_1\LargestNum\LargestNum.csproj", "{6D1D237A-47B8-4DD5-82BB-39F673F2F604}"
EndProject
Project("{9A19103F-16F7-4668-BE54-9A1E7A4F7556}") = "InventoryApp", "DAY_1\InventoryApp\InventoryApp.csproj", "{A80D5EAF-CF5C-49F2-9C4F-4A9397E50C81}"
EndProject
Project("{9A19103F-16F7-4668-BE54-9A1E7A4F7556}") = "StudentGrade", "DAY_1\StudentGrade\StudentGrade.csproj", "{29F85703-DD72-423C-AF5D-47D988B7BC42}"
EndProject
Project("{9A19103F-16F7-4668-BE54-9A1E7A4F7556}") = "Palindrome", "DAY_1\Palindrome\Palindrome.csproj", "{DCC62375-E011-468D-A63A-C1891A0DA3C0}"
EndProject
Project("{9A19103F-16F7-4668-BE54-9A1E7A4F7556}") = "FizzBuzz", "DAY_1\FizzBuzz\FizzBuzz.csproj", "{8AE222DB-1F07-4A59-B586-E90AF455F6FE}"
EndProject
Project("{9A19103F-16F7-4668-BE54-9A1E7A4F7556}") = "CountOcurrences", "DAY_1\CountOcurrences\CountOcurrences.csproj", "{3E8ACCBA-29F2-4088-AB8E-E29044E240B7}"
EndProject
Global
	GlobalSection(SolutionConfigurationPlatforms) = preSolution
		Debug|Any CPU = Debug|Any CPU
		Release|Any CPU = Release|Any CPU
	EndGlobalSection
	GlobalSection(ProjectConfigurationPlatforms) = postSolution
		{00AA2D78-FEAA-4579-A184-DE0849A51584}.Debug|Any CPU.ActiveCfg = Debug|Any CPU
		{00AA2D78-FEAA-4579-A184-DE0849A51584}.Debug|Any CPU.Build.0 = Debug|Any CPU
		{00AA2D78-FEAA-4579-A184-DE0849A51584}.Release|Any CPU.ActiveCfg = Release|Any CPU
		{00AA2D78-FEAA-4579-A184-DE0849A51584}.Release|Any CPU.Build.0 = Release|Any CPU
		{6D1D237A-47B8-4DD5-82BB-39F673F2F604}.Debug|Any CPU.ActiveCfg = Debug|Any CPU
		{6D1D237A-47B8-4DD5-82BB-39F673F2F604}.Debug|Any CPU.Build.0 = Debug|Any CPU
		{6D1D237A-47B8-4DD5-82BB-39F673F2F604}.Release|Any CPU.ActiveCfg = Release|Any CPU
		{6D1D237A-47B8-4DD5-82BB-39F673F2F604}.Release|Any CPU.Build.0 = Release|Any CPU
		{A80D5EAF-CF5C-49F2-9C4F-4A9397E50C81}.Debug|Any CPU.ActiveCfg = Debug|Any CPU
		{A80D5EAF-CF5C-49F2-9C4F-4A9397E50C81}.Debug|Any CPU.Build.0 = Debug|Any CPU
		{A80D5EAF-CF5C-49F2-9C4F-4A9397E50C81}.Release|Any CPU.ActiveCfg = Release|Any CPU
		{A80D5EAF-CF5C-49F2-9C4F-4A9397E50C81}.Release|Any CPU.Build.0 = Release|Any CPU
		{29F85703-DD72-423C-AF5D-47D988B7BC42}.Debug|Any CPU.ActiveCfg = Debug|Any CPU
		{29F85703-DD72-423C-AF5D-47D988B7BC42}.Debug|Any CPU.Build.0 = Debug|Any CPU
		{29F85703-DD72-423C-AF5D-47D988B7BC42}.Release|Any CPU.ActiveCfg = Release|Any CPU
		{29F85703-DD72-423C-AF5D-47D988B7BC42}.Release|Any CPU.Build.0 = Release|Any CPU
		{DCC62375-E011-468D-A63A-C1891A0DA3C0}.Debug|Any CPU.ActiveCfg = Debug|Any CPU
		{DCC62375-E011-468D-A63A-C1891A0DA3C0}.Debug|Any CPU.Build.0 = Debug|Any CPU
		{DCC62375-E011-468D-A63A-C1891A0DA3C0}.Release|Any CPU.ActiveCfg = Release|Any CPU
		{DCC62375-E011-468D-A63A-C1891A0DA3C0}.Release|Any CPU.Build.0 = Release|Any CPU
		{8AE222DB-1F07-4A59-B586-E90AF455F6FE}.Debug|Any CPU.ActiveCfg = Debug|Any CPU
		{8AE222DB-1F07-4A59-B586-E90AF455F6FE}.Debug|Any CPU.Build.0 = Debug|Any CPU
		{8AE222DB-1F07-4A59-B586-E90AF455F6FE}.Release|Any CPU.ActiveCfg = Release|Any CPU
		{8AE222DB-1F07-4A59-B586-E90AF455F6FE}.Release|Any CPU.Build.0 = Release|Any CPU
		{3E8ACCBA-29F2-4088-AB8E-E29044E240B7}.Debug|Any CPU.ActiveCfg = Debug|Any CPU
		{3E8ACCBA-29F2-4088-AB8E-E29044E240B7}.Debug|Any CPU.Build.0 = Debug|Any CPU
		{3E8ACCBA-29F2-4088-AB8E-E29044E240B7}.Release|Any CPU.ActiveCfg = Release|Any CPU
		{3E8ACCBA-29F2-4088-AB8E-E29044E240B7}.Release|Any CPU.Build.0 = Release|Any CPU
	EndGlobalSection
	GlobalSection(SolutionProperties) = preSolution
		HideSolutionNode = FALSE
	EndGlobalSection
	GlobalSection(NestedProjects) = preSolution
		{00AA2D78-FEAA-4579-A184-DE0849A51584} = {0CC605EA-91A6-478B-8E79-B3C6324FC92C}
		{6D1D237A-47B8-4DD5-82BB-39F673F2F604} = {0CC605EA-91A6-478B-8E79-B3C6324FC92C}
		{A80D5EAF-CF5C-49F2-9C4F-4A9397E50C81} = {0CC605EA-91A6-478B-8E79-B3C6324FC92C}
		{29F85703-DD72-423C-AF5D-47D988B7BC42} = {0CC605EA-91A6-478B-8E79-B3C6324FC92C}
		{DCC62375-E011-468D-A63A-C1891A0DA3C0} = {0CC605EA-91A6-478B-8E79-B3C6324FC92C}
		{8AE222DB-1F07-4A59-B586-E90AF455F6FE} = {0CC605EA-91A6-478B-8E79-B3C6324FC92C}
		{3E8ACCBA-29F2-4088-AB8E-E29044E240B7} = {0CC605EA-91A6-478B-8E79-B3C6324FC92C}
	EndGlobalSection
	GlobalSection(ExtensibilityGlobals) = postSolution
		SolutionGuid = {F5911950-BFB5-4132-BAF8-C98EA6992F05}
	EndGlobalSection
EndGlobal
