
Microsoft Visual Studio Solution File, Format Version 12.00
# Visual Studio Version 17
VisualStudioVersion = 17.5.002.0
MinimumVisualStudioVersion = 10.0.40219.1
Project("{9A19103F-16F7-4668-BE54-9A1E7A4F7556}") = "20_Debugging", "20_Debugging.csproj", "{CF79D85F-5F7D-45FA-9ED8-35C3748573D6}"
EndProject
Global
	GlobalSection(SolutionConfigurationPlatforms) = preSolution
		Debug|Any CPU = Debug|Any CPU
		Release|Any CPU = Release|Any CPU
	EndGlobalSection
	GlobalSection(ProjectConfigurationPlatforms) = postSolution
		{CF79D85F-5F7D-45FA-9ED8-35C3748573D6}.Debug|Any CPU.ActiveCfg = Debug|Any CPU
		{CF79D85F-5F7D-45FA-9ED8-35C3748573D6}.Debug|Any CPU.Build.0 = Debug|Any CPU
		{CF79D85F-5F7D-45FA-9ED8-35C3748573D6}.Release|Any CPU.ActiveCfg = Release|Any CPU
		{CF79D85F-5F7D-45FA-9ED8-35C3748573D6}.Release|Any CPU.Build.0 = Release|Any CPU
	EndGlobalSection
	GlobalSection(SolutionProperties) = preSolution
		HideSolutionNode = FALSE
	EndGlobalSection
	GlobalSection(ExtensibilityGlobals) = postSolution
		SolutionGuid = {3ABD11DB-819F-48B3-9534-DC48C8B9CE98}
	EndGlobalSection
EndGlobal
